
Microsoft Visual Studio Solution File, Format Version 12.00
# Visual Studio Version 17
VisualStudioVersion = 17.0.32014.148
MinimumVisualStudioVersion = 10.0.40219.1
Project("{9A19103F-16F7-4668-BE54-9A1E7A4F7556}") = "Abdulaziz_Alsayed_Ahmad_DB", "AbdulazizDB\Abdulaziz_Alsayed_Ahmad_DB.csproj", "{291D9BD5-787A-412F-B667-776F9E3DF6EB}"
EndProject
Global
	GlobalSection(SolutionConfigurationPlatforms) = preSolution
		Debug|Any CPU = Debug|Any CPU
		Release|Any CPU = Release|Any CPU
	EndGlobalSection
	GlobalSection(ProjectConfigurationPlatforms) = postSolution
		{291D9BD5-787A-412F-B667-776F9E3DF6EB}.Debug|Any CPU.ActiveCfg = Debug|Any CPU
		{291D9BD5-787A-412F-B667-776F9E3DF6EB}.Debug|Any CPU.Build.0 = Debug|Any CPU
		{291D9BD5-787A-412F-B667-776F9E3DF6EB}.Release|Any CPU.ActiveCfg = Release|Any CPU
		{291D9BD5-787A-412F-B667-776F9E3DF6EB}.Release|Any CPU.Build.0 = Release|Any CPU
	EndGlobalSection
	GlobalSection(SolutionProperties) = preSolution
		HideSolutionNode = FALSE
	EndGlobalSection
	GlobalSection(ExtensibilityGlobals) = postSolution
		SolutionGuid = {A94DDFC8-C06D-40CF-8E5A-068BA5BE5713}
	EndGlobalSection
EndGlobal
